
Microsoft Visual Studio Solution File, Format Version 12.00
# Visual Studio Version 16
VisualStudioVersion = 16.0.31624.102
MinimumVisualStudioVersion = 10.0.40219.1
Project("{9A19103F-16F7-4668-BE54-9A1E7A4F7556}") = "ContactManagerApi", "ContactManagerApi\ContactManagerApi.csproj", "{6DCB1F58-6A19-4D54-AF65-4053FFB41BDA}"
EndProject
Project("{FAE04EC0-301F-11D3-BF4B-00C04F79EFBC}") = "ContactManagerApiTests", "ContactManagerApiTests\ContactManagerApiTests.csproj", "{72696E5F-D5CE-4019-8283-773EAE73DF58}"
EndProject
Global
	GlobalSection(SolutionConfigurationPlatforms) = preSolution
		Debug|Any CPU = Debug|Any CPU
		Release|Any CPU = Release|Any CPU
	EndGlobalSection
	GlobalSection(ProjectConfigurationPlatforms) = postSolution
		{6DCB1F58-6A19-4D54-AF65-4053FFB41BDA}.Debug|Any CPU.ActiveCfg = Debug|Any CPU
		{6DCB1F58-6A19-4D54-AF65-4053FFB41BDA}.Debug|Any CPU.Build.0 = Debug|Any CPU
		{6DCB1F58-6A19-4D54-AF65-4053FFB41BDA}.Release|Any CPU.ActiveCfg = Release|Any CPU
		{6DCB1F58-6A19-4D54-AF65-4053FFB41BDA}.Release|Any CPU.Build.0 = Release|Any CPU
		{72696E5F-D5CE-4019-8283-773EAE73DF58}.Debug|Any CPU.ActiveCfg = Debug|Any CPU
		{72696E5F-D5CE-4019-8283-773EAE73DF58}.Debug|Any CPU.Build.0 = Debug|Any CPU
		{72696E5F-D5CE-4019-8283-773EAE73DF58}.Release|Any CPU.ActiveCfg = Release|Any CPU
		{72696E5F-D5CE-4019-8283-773EAE73DF58}.Release|Any CPU.Build.0 = Release|Any CPU
	EndGlobalSection
	GlobalSection(SolutionProperties) = preSolution
		HideSolutionNode = FALSE
	EndGlobalSection
	GlobalSection(ExtensibilityGlobals) = postSolution
		SolutionGuid = {CAF6A129-DCE0-45B7-9C2B-37718C4AB017}
	EndGlobalSection
EndGlobal
